
Microsoft Visual Studio Solution File, Format Version 12.00
# Visual Studio Version 16
VisualStudioVersion = 16.0.30413.136
MinimumVisualStudioVersion = 10.0.40219.1
Project("{FAE04EC0-301F-11D3-BF4B-00C04F79EFBC}") = "ProyectoFinalCsharp", "ProyectoFinalCsharp\ProyectoFinalCsharp.csproj", "{C37C7F6B-3DF7-4A32-B8EC-9017FE730B92}"
EndProject
Global
	GlobalSection(SolutionConfigurationPlatforms) = preSolution
		Debug|Any CPU = Debug|Any CPU
		Release|Any CPU = Release|Any CPU
	EndGlobalSection
	GlobalSection(ProjectConfigurationPlatforms) = postSolution
		{C37C7F6B-3DF7-4A32-B8EC-9017FE730B92}.Debug|Any CPU.ActiveCfg = Debug|Any CPU
		{C37C7F6B-3DF7-4A32-B8EC-9017FE730B92}.Debug|Any CPU.Build.0 = Debug|Any CPU
		{C37C7F6B-3DF7-4A32-B8EC-9017FE730B92}.Release|Any CPU.ActiveCfg = Release|Any CPU
		{C37C7F6B-3DF7-4A32-B8EC-9017FE730B92}.Release|Any CPU.Build.0 = Release|Any CPU
	EndGlobalSection
	GlobalSection(SolutionProperties) = preSolution
		HideSolutionNode = FALSE
	EndGlobalSection
	GlobalSection(ExtensibilityGlobals) = postSolution
		SolutionGuid = {8A4AED83-64DE-452F-8C47-1986D9473D58}
	EndGlobalSection
EndGlobal
